github.com/cloudflare/circl v1.6.0 h1:cr5JKic4HI+LkINy2lg3W2jF8sHCVTBncJr5gIIq7qk=
github.com/cloudflare/circl v1.6.0/go.mod h1:uddAzsPgqdMAYatqJ0lsjX1oECcQLIlRpzZh3pJrofs=
github.com/i5heu/ouroboros-crypt v1.1.1 h1:/uBeJ3e1VtuSS2cBJMGMO0W+KthljiNU+Qv8v9m66jU=
github.com/i5heu/ouroboros-crypt v1.1.1/go.mod h1:E4sSb65pA9qc8I8lD3hROfbxmtCyMC/kKuSmiLETgow=
golang.org/x/sys v0.10.0 h1:SqMFp9UcQJZa+pmYuAKjd9xq1f0j5rLcDIk0mj4qAsA=
golang.org/x/sys v0.10.0/go.mod h1:oPkhp1MJrh7nUepCBck5+mAzfO9JrbApNNgaTdGDITg=
